// !$*UTF8*$!
{
	archiveVersion = 1;
	classes = {
	};
	objectVersion = 46;
	objects = {

/* Begin PBXBuildFile section */
		5E257103184B7558008D4FD0 /* YMMUtilities.m in Sources */ = {isa = PBXBuildFile; fileRef = 5E257102184B7558008D4FD0 /* YMMUtilities.m */; };
		5E257105184DD6FC008D4FD0 /* Images.xcassets in Resources */ = {isa = PBXBuildFile; fileRef = 5E257104184DD6FC008D4FD0 /* Images.xcassets */; };
		5E2C8D301803AAC10045A963 /* Default-568h@2x.png in Resources */ = {isa = PBXBuildFile; fileRef = 5E2C8D291803AAC10045A963 /* Default-568h@2x.png */; };
		5E2C8D311803AAC10045A963 /* Default.png in Resources */ = {isa = PBXBuildFile; fileRef = 5E2C8D2A1803AAC10045A963 /* Default.png */; };
		5E2C8D321803AAC10045A963 /* Default@2x.png in Resources */ = {isa = PBXBuildFile; fileRef = 5E2C8D2B1803AAC10045A963 /* Default@2x.png */; };
		5E2C8D331803AAC10045A963 /* first.png in Resources */ = {isa = PBXBuildFile; fileRef = 5E2C8D2C1803AAC10045A963 /* first.png */; };
		5E2C8D341803AAC10045A963 /* first@2x.png in Resources */ = {isa = PBXBuildFile; fileRef = 5E2C8D2D1803AAC10045A963 /* first@2x.png */; };
		5E2C8D351803AAC10045A963 /* second.png in Resources */ = {isa = PBXBuildFile; fileRef = 5E2C8D2E1803AAC10045A963 /* second.png */; };
		5E2C8D361803AAC10045A963 /* second@2x.png in Resources */ = {isa = PBXBuildFile; fileRef = 5E2C8D2F1803AAC10045A963 /* second@2x.png */; };
		5E2C8D3D1803AD350045A963 /* YMMSecondViewController.m in Sources */ = {isa = PBXBuildFile; fileRef = 5E2C8D391803AD350045A963 /* YMMSecondViewController.m */; };
		5E2C8D3E1803AD350045A963 /* YMMFirstViewController.m in Sources */ = {isa = PBXBuildFile; fileRef = 5E2C8D3C1803AD350045A963 /* YMMFirstViewController.m */; };
		5E2C8D631803B2D40045A963 /* fourth.png in Resources */ = {isa = PBXBuildFile; fileRef = 5E2C8D5F1803B2D40045A963 /* fourth.png */; };
		5E2C8D641803B2D40045A963 /* fourth@2x.png in Resources */ = {isa = PBXBuildFile; fileRef = 5E2C8D601803B2D40045A963 /* fourth@2x.png */; };
		5E2C8D651803B2D40045A963 /* third@2x.png in Resources */ = {isa = PBXBuildFile; fileRef = 5E2C8D611803B2D40045A963 /* third@2x.png */; };
		5E2C8D661803B2D40045A963 /* third.png in Resources */ = {isa = PBXBuildFile; fileRef = 5E2C8D621803B2D40045A963 /* third.png */; };
		5E2C8D691803B2FD0045A963 /* YMMThirdViewController.m in Sources */ = {isa = PBXBuildFile; fileRef = 5E2C8D681803B2FD0045A963 /* YMMThirdViewController.m */; };
		5E2C8D6C1803B3170045A963 /* YMMFourthViewController.m in Sources */ = {isa = PBXBuildFile; fileRef = 5E2C8D6B1803B3170045A963 /* YMMFourthViewController.m */; };
		5E7676BE18043921000C05A0 /* Podfile in Resources */ = {isa = PBXBuildFile; fileRef = 5E7676BD18043921000C05A0 /* Podfile */; };
		5E88CF001838E8D100E4FF6C /* YMMBaseRefreshViewController.m in Sources */ = {isa = PBXBuildFile; fileRef = 5E88CEFF1838E8D100E4FF6C /* YMMBaseRefreshViewController.m */; };
		5E88CFA21839F77E00E4FF6C /* CoreText.framework in Frameworks */ = {isa = PBXBuildFile; fileRef = 5E88CFA11839F77E00E4FF6C /* CoreText.framework */; };
		5E88CFA41839F79100E4FF6C /* QuartzCore.framework in Frameworks */ = {isa = PBXBuildFile; fileRef = 5E88CFA31839F79100E4FF6C /* QuartzCore.framework */; };
		5EE6FC6F186C722200FBF6FB /* UIView+frameAdjust.m in Sources */ = {isa = PBXBuildFile; fileRef = 5EE6FC6E186C722200FBF6FB /* UIView+frameAdjust.m */; };
		5EE6FC76186D280D00FBF6FB /* YMMSecondViewCell.m in Sources */ = {isa = PBXBuildFile; fileRef = 5EE6FC75186D280D00FBF6FB /* YMMSecondViewCell.m */; };
		5EE6FC79186D2F9600FBF6FB /* YMMBaseCustomCell.m in Sources */ = {isa = PBXBuildFile; fileRef = 5EE6FC78186D2F9600FBF6FB /* YMMBaseCustomCell.m */; };
		5EE6FC7C186D31F100FBF6FB /* YMMBaseCustomCellView.m in Sources */ = {isa = PBXBuildFile; fileRef = 5EE6FC7B186D31F100FBF6FB /* YMMBaseCustomCellView.m */; };
		5EFCD4BF1803A2ED00B0BD27 /* UIKit.framework in Frameworks */ = {isa = PBXBuildFile; fileRef = 5EFCD4BE1803A2ED00B0BD27 /* UIKit.framework */; };
		5EFCD4C11803A2ED00B0BD27 /* Foundation.framework in Frameworks */ = {isa = PBXBuildFile; fileRef = 5EFCD4C01803A2ED00B0BD27 /* Foundation.framework */; };
		5EFCD4C31803A2ED00B0BD27 /* CoreGraphics.framework in Frameworks */ = {isa = PBXBuildFile; fileRef = 5EFCD4C21803A2ED00B0BD27 /* CoreGraphics.framework */; };
		5EFCD4C91803A2EE00B0BD27 /* InfoPlist.strings in Resources */ = {isa = PBXBuildFile; fileRef = 5EFCD4C71803A2EE00B0BD27 /* InfoPlist.strings */; };
		5EFCD4CB1803A2EE00B0BD27 /* main.m in Sources */ = {isa = PBXBuildFile; fileRef = 5EFCD4CA1803A2EE00B0BD27 /* main.m */; };
		5EFCD4CF1803A2EE00B0BD27 /* YMMAppDelegate.m in Sources */ = {isa = PBXBuildFile; fileRef = 5EFCD4CE1803A2EE00B0BD27 /* YMMAppDelegate.m */; };
		BDF566CB63FE44DBAA61BC21 /* libPods.a in Frameworks */ = {isa = PBXBuildFile; fileRef = BE64C8F8607544EA8B57F432 /* libPods.a */; };
/* End PBXBuildFile section */

/* Begin PBXFileReference section */
		5E257101184B7558008D4FD0 /* YMMUtilities.h */ = {isa = PBXFileReference; fileEncoding = 4; lastKnownFileType = sourcecode.c.h; path = YMMUtilities.h; sourceTree = "<group>"; };
		5E257102184B7558008D4FD0 /* YMMUtilities.m */ = {isa = PBXFileReference; fileEncoding = 4; lastKnownFileType = sourcecode.c.objc; path = YMMUtilities.m; sourceTree = "<group>"; };
		5E257104184DD6FC008D4FD0 /* Images.xcassets */ = {isa = PBXFileReference; lastKnownFileType = folder.assetcatalog; path = Images.xcassets; sourceTree = "<group>"; };
		5E2C8D291803AAC10045A963 /* Default-568h@2x.png */ = {isa = PBXFileReference; lastKnownFileType = image.png; path = "Default-568h@2x.png"; sourceTree = "<group>"; };
		5E2C8D2A1803AAC10045A963 /* Default.png */ = {isa = PBXFileReference; lastKnownFileType = image.png; path = Default.png; sourceTree = "<group>"; };
		5E2C8D2B1803AAC10045A963 /* Default@2x.png */ = {isa = PBXFileReference; lastKnownFileType = image.png; path = "Default@2x.png"; sourceTree = "<group>"; };
		5E2C8D2C1803AAC10045A963 /* first.png */ = {isa = PBXFileReference; lastKnownFileType = image.png; path = first.png; sourceTree = "<group>"; };
		5E2C8D2D1803AAC10045A963 /* first@2x.png */ = {isa = PBXFileReference; lastKnownFileType = image.png; path = "first@2x.png"; sourceTree = "<group>"; };
		5E2C8D2E1803AAC10045A963 /* second.png */ = {isa = PBXFileReference; lastKnownFileType = image.png; path = second.png; sourceTree = "<group>"; };
		5E2C8D2F1803AAC10045A963 /* second@2x.png */ = {isa = PBXFileReference; lastKnownFileType = image.png; path = "second@2x.png"; sourceTree = "<group>"; };
		5E2C8D381803AD350045A963 /* YMMSecondViewController.h */ = {isa = PBXFileReference; fileEncoding = 4; lastKnownFileType = sourcecode.c.h; path = YMMSecondViewController.h; sourceTree = "<group>"; };
		5E2C8D391803AD350045A963 /* YMMSecondViewController.m */ = {isa = PBXFileReference; fileEncoding = 4; lastKnownFileType = sourcecode.c.objc; path = YMMSecondViewController.m; sourceTree = "<group>"; };
		5E2C8D3B1803AD350045A963 /* YMMFirstViewController.h */ = {isa = PBXFileReference; fileEncoding = 4; lastKnownFileType = sourcecode.c.h; path = YMMFirstViewController.h; sourceTree = "<group>"; };
		5E2C8D3C1803AD350045A963 /* YMMFirstViewController.m */ = {isa = PBXFileReference; fileEncoding = 4; lastKnownFileType = sourcecode.c.objc; path = YMMFirstViewController.m; sourceTree = "<group>"; };
		5E2C8D5F1803B2D40045A963 /* fourth.png */ = {isa = PBXFileReference; lastKnownFileType = image.png; path = fourth.png; sourceTree = "<group>"; };
		5E2C8D601803B2D40045A963 /* fourth@2x.png */ = {isa = PBXFileReference; lastKnownFileType = image.png; path = "fourth@2x.png"; sourceTree = "<group>"; };
		5E2C8D611803B2D40045A963 /* third@2x.png */ = {isa = PBXFileReference; lastKnownFileType = image.png; path = "third@2x.png"; sourceTree = "<group>"; };
		5E2C8D621803B2D40045A963 /* third.png */ = {isa = PBXFileReference; lastKnownFileType = image.png; path = third.png; sourceTree = "<group>"; };
		5E2C8D671803B2FD0045A963 /* YMMThirdViewController.h */ = {isa = PBXFileReference; fileEncoding = 4; lastKnownFileType = sourcecode.c.h; path = YMMThirdViewController.h; sourceTree = "<group>"; };
		5E2C8D681803B2FD0045A963 /* YMMThirdViewController.m */ = {isa = PBXFileReference; fileEncoding = 4; lastKnownFileType = sourcecode.c.objc; path = YMMThirdViewController.m; sourceTree = "<group>"; };
		5E2C8D6A1803B3170045A963 /* YMMFourthViewController.h */ = {isa = PBXFileReference; fileEncoding = 4; lastKnownFileType = sourcecode.c.h; path = YMMFourthViewController.h; sourceTree = "<group>"; };
		5E2C8D6B1803B3170045A963 /* YMMFourthViewController.m */ = {isa = PBXFileReference; fileEncoding = 4; lastKnownFileType = sourcecode.c.objc; path = YMMFourthViewController.m; sourceTree = "<group>"; };
		5E7676BD18043921000C05A0 /* Podfile */ = {isa = PBXFileReference; fileEncoding = 4; lastKnownFileType = text; path = Podfile; sourceTree = "<group>"; xcLanguageSpecificationIdentifier = xcode.lang.ruby; };
		5E88CEFE1838E8D100E4FF6C /* YMMBaseRefreshViewController.h */ = {isa = PBXFileReference; fileEncoding = 4; lastKnownFileType = sourcecode.c.h; path = YMMBaseRefreshViewController.h; sourceTree = "<group>"; };
		5E88CEFF1838E8D100E4FF6C /* YMMBaseRefreshViewController.m */ = {isa = PBXFileReference; fileEncoding = 4; lastKnownFileType = sourcecode.c.objc; path = YMMBaseRefreshViewController.m; sourceTree = "<group>"; };
		5E88CFA11839F77E00E4FF6C /* CoreText.framework */ = {isa = PBXFileReference; lastKnownFileType = wrapper.framework; name = CoreText.framework; path = System/Library/Frameworks/CoreText.framework; sourceTree = SDKROOT; };
		5E88CFA31839F79100E4FF6C /* QuartzCore.framework */ = {isa = PBXFileReference; lastKnownFileType = wrapper.framework; name = QuartzCore.framework; path = System/Library/Frameworks/QuartzCore.framework; sourceTree = SDKROOT; };
		5EE6FC6D186C722200FBF6FB /* UIView+frameAdjust.h */ = {isa = PBXFileReference; fileEncoding = 4; lastKnownFileType = sourcecode.c.h; path = "UIView+frameAdjust.h"; sourceTree = "<group>"; };
		5EE6FC6E186C722200FBF6FB /* UIView+frameAdjust.m */ = {isa = PBXFileReference; fileEncoding = 4; lastKnownFileType = sourcecode.c.objc; path = "UIView+frameAdjust.m"; sourceTree = "<group>"; };
		5EE6FC74186D280D00FBF6FB /* YMMSecondViewCell.h */ = {isa = PBXFileReference; fileEncoding = 4; lastKnownFileType = sourcecode.c.h; path = YMMSecondViewCell.h; sourceTree = "<group>"; };
		5EE6FC75186D280D00FBF6FB /* YMMSecondViewCell.m */ = {isa = PBXFileReference; fileEncoding = 4; lastKnownFileType = sourcecode.c.objc; path = YMMSecondViewCell.m; sourceTree = "<group>"; };
		5EE6FC77186D2F9600FBF6FB /* YMMBaseCustomCell.h */ = {isa = PBXFileReference; fileEncoding = 4; lastKnownFileType = sourcecode.c.h; path = YMMBaseCustomCell.h; sourceTree = "<group>"; };
		5EE6FC78186D2F9600FBF6FB /* YMMBaseCustomCell.m */ = {isa = PBXFileReference; fileEncoding = 4; lastKnownFileType = sourcecode.c.objc; path = YMMBaseCustomCell.m; sourceTree = "<group>"; };
		5EE6FC7A186D31F100FBF6FB /* YMMBaseCustomCellView.h */ = {isa = PBXFileReference; fileEncoding = 4; lastKnownFileType = sourcecode.c.h; path = YMMBaseCustomCellView.h; sourceTree = "<group>"; };
		5EE6FC7B186D31F100FBF6FB /* YMMBaseCustomCellView.m */ = {isa = PBXFileReference; fileEncoding = 4; lastKnownFileType = sourcecode.c.objc; path = YMMBaseCustomCellView.m; sourceTree = "<group>"; };
		5EFCD4BB1803A2ED00B0BD27 /* yemaomen.app */ = {isa = PBXFileReference; explicitFileType = wrapper.application; includeInIndex = 0; path = yemaomen.app; sourceTree = BUILT_PRODUCTS_DIR; };
		5EFCD4BE1803A2ED00B0BD27 /* UIKit.framework */ = {isa = PBXFileReference; lastKnownFileType = wrapper.framework; name = UIKit.framework; path = System/Library/Frameworks/UIKit.framework; sourceTree = SDKROOT; };
		5EFCD4C01803A2ED00B0BD27 /* Foundation.framework */ = {isa = PBXFileReference; lastKnownFileType = wrapper.framework; name = Foundation.framework; path = System/Library/Frameworks/Foundation.framework; sourceTree = SDKROOT; };
		5EFCD4C21803A2ED00B0BD27 /* CoreGraphics.framework */ = {isa = PBXFileReference; lastKnownFileType = wrapper.framework; name = CoreGraphics.framework; path = System/Library/Frameworks/CoreGraphics.framework; sourceTree = SDKROOT; };
		5EFCD4C61803A2EE00B0BD27 /* yemaomen-Info.plist */ = {isa = PBXFileReference; lastKnownFileType = text.plist.xml; path = "yemaomen-Info.plist"; sourceTree = "<group>"; };
		5EFCD4C81803A2EE00B0BD27 /* en */ = {isa = PBXFileReference; lastKnownFileType = text.plist.strings; name = en; path = en.lproj/InfoPlist.strings; sourceTree = "<group>"; };
		5EFCD4CA1803A2EE00B0BD27 /* main.m */ = {isa = PBXFileReference; lastKnownFileType = sourcecode.c.objc; path = main.m; sourceTree = "<group>"; };
		5EFCD4CC1803A2EE00B0BD27 /* yemaomen-Prefix.pch */ = {isa = PBXFileReference; lastKnownFileType = sourcecode.c.h; path = "yemaomen-Prefix.pch"; sourceTree = "<group>"; };
		5EFCD4CD1803A2EE00B0BD27 /* YMMAppDelegate.h */ = {isa = PBXFileReference; lastKnownFileType = sourcecode.c.h; path = YMMAppDelegate.h; sourceTree = "<group>"; };
		5EFCD4CE1803A2EE00B0BD27 /* YMMAppDelegate.m */ = {isa = PBXFileReference; lastKnownFileType = sourcecode.c.objc; path = YMMAppDelegate.m; sourceTree = "<group>"; };
		89AA6B4798E143CBA80C89B3 /* Pods.xcconfig */ = {isa = PBXFileReference; includeInIndex = 1; lastKnownFileType = text.xcconfig; name = Pods.xcconfig; path = Pods/Pods.xcconfig; sourceTree = "<group>"; };
		BE64C8F8607544EA8B57F432 /* libPods.a */ = {isa = PBXFileReference; explicitFileType = archive.ar; includeInIndex = 0; path = libPods.a; sourceTree = BUILT_PRODUCTS_DIR; };
/* End PBXFileReference section */

/* Begin PBXFrameworksBuildPhase section */
		5EFCD4B81803A2ED00B0BD27 /* Frameworks */ = {
			isa = PBXFrameworksBuildPhase;
			buildActionMask = 2147483647;
			files = (
				5E88CFA41839F79100E4FF6C /* QuartzCore.framework in Frameworks */,
				5E88CFA21839F77E00E4FF6C /* CoreText.framework in Frameworks */,
				5EFCD4BF1803A2ED00B0BD27 /* UIKit.framework in Frameworks */,
				5EFCD4C11803A2ED00B0BD27 /* Foundation.framework in Frameworks */,
				5EFCD4C31803A2ED00B0BD27 /* CoreGraphics.framework in Frameworks */,
				BDF566CB63FE44DBAA61BC21 /* libPods.a in Frameworks */,
			);
			runOnlyForDeploymentPostprocessing = 0;
		};
/* End PBXFrameworksBuildPhase section */

/* Begin PBXGroup section */
		5E2C8D271803AAC10045A963 /* Resources */ = {
			isa = PBXGroup;
			children = (
				5E2C8D281803AAC10045A963 /* Images */,
			);
			path = Resources;
			sourceTree = "<group>";
		};
		5E2C8D281803AAC10045A963 /* Images */ = {
			isa = PBXGroup;
			children = (
				5E2C8D5F1803B2D40045A963 /* fourth.png */,
				5E2C8D601803B2D40045A963 /* fourth@2x.png */,
				5E2C8D611803B2D40045A963 /* third@2x.png */,
				5E2C8D621803B2D40045A963 /* third.png */,
				5E2C8D291803AAC10045A963 /* Default-568h@2x.png */,
				5E2C8D2A1803AAC10045A963 /* Default.png */,
				5E2C8D2B1803AAC10045A963 /* Default@2x.png */,
				5E2C8D2C1803AAC10045A963 /* first.png */,
				5E2C8D2D1803AAC10045A963 /* first@2x.png */,
				5E2C8D2E1803AAC10045A963 /* second.png */,
				5E2C8D2F1803AAC10045A963 /* second@2x.png */,
			);
			path = Images;
			sourceTree = "<group>";
		};
		5E2C8D371803AD350045A963 /* SecondTab */ = {
			isa = PBXGroup;
			children = (
				5E2C8D381803AD350045A963 /* YMMSecondViewController.h */,
				5E2C8D391803AD350045A963 /* YMMSecondViewController.m */,
				5EE6FC74186D280D00FBF6FB /* YMMSecondViewCell.h */,
				5EE6FC75186D280D00FBF6FB /* YMMSecondViewCell.m */,
			);
			path = SecondTab;
			sourceTree = "<group>";
		};
		5E2C8D3A1803AD350045A963 /* FirstTab */ = {
			isa = PBXGroup;
			children = (
				5E2C8D3B1803AD350045A963 /* YMMFirstViewController.h */,
				5E2C8D3C1803AD350045A963 /* YMMFirstViewController.m */,
			);
			path = FirstTab;
			sourceTree = "<group>";
		};
		5E2C8D5D1803B2370045A963 /* FourthTab */ = {
			isa = PBXGroup;
			children = (
				5E2C8D6A1803B3170045A963 /* YMMFourthViewController.h */,
				5E2C8D6B1803B3170045A963 /* YMMFourthViewController.m */,
			);
			path = FourthTab;
			sourceTree = "<group>";
		};
		5E2C8D5E1803B2370045A963 /* ThirdTab */ = {
			isa = PBXGroup;
			children = (
				5E2C8D671803B2FD0045A963 /* YMMThirdViewController.h */,
				5E2C8D681803B2FD0045A963 /* YMMThirdViewController.m */,
			);
			path = ThirdTab;
			sourceTree = "<group>";
		};
		5E88CEFD1838E86C00E4FF6C /* BaseClasses */ = {
			isa = PBXGroup;
			children = (
				5E88CEFE1838E8D100E4FF6C /* YMMBaseRefreshViewController.h */,
				5E88CEFF1838E8D100E4FF6C /* YMMBaseRefreshViewController.m */,
				5EE6FC77186D2F9600FBF6FB /* YMMBaseCustomCell.h */,
				5EE6FC78186D2F9600FBF6FB /* YMMBaseCustomCell.m */,
				5EE6FC7A186D31F100FBF6FB /* YMMBaseCustomCellView.h */,
				5EE6FC7B186D31F100FBF6FB /* YMMBaseCustomCellView.m */,
			);
			path = BaseClasses;
			sourceTree = "<group>";
		};
		5EFCD4B21803A2ED00B0BD27 = {
			isa = PBXGroup;
			children = (
				5E7676BD18043921000C05A0 /* Podfile */,
				5EFCD4C41803A2ED00B0BD27 /* yemaomen */,
				5EFCD4BD1803A2ED00B0BD27 /* Frameworks */,
				5EFCD4BC1803A2ED00B0BD27 /* Products */,
				89AA6B4798E143CBA80C89B3 /* Pods.xcconfig */,
			);
			sourceTree = "<group>";
		};
		5EFCD4BC1803A2ED00B0BD27 /* Products */ = {
			isa = PBXGroup;
			children = (
				5EFCD4BB1803A2ED00B0BD27 /* yemaomen.app */,
			);
			name = Products;
			sourceTree = "<group>";
		};
		5EFCD4BD1803A2ED00B0BD27 /* Frameworks */ = {
			isa = PBXGroup;
			children = (
				5E88CFA31839F79100E4FF6C /* QuartzCore.framework */,
				5E88CFA11839F77E00E4FF6C /* CoreText.framework */,
				5EFCD4BE1803A2ED00B0BD27 /* UIKit.framework */,
				5EFCD4C01803A2ED00B0BD27 /* Foundation.framework */,
				5EFCD4C21803A2ED00B0BD27 /* CoreGraphics.framework */,
				BE64C8F8607544EA8B57F432 /* libPods.a */,
			);
			name = Frameworks;
			sourceTree = "<group>";
		};
		5EFCD4C41803A2ED00B0BD27 /* yemaomen */ = {
			isa = PBXGroup;
			children = (
				5E88CEFD1838E86C00E4FF6C /* BaseClasses */,
				5E2C8D3A1803AD350045A963 /* FirstTab */,
				5E2C8D371803AD350045A963 /* SecondTab */,
				5E2C8D5E1803B2370045A963 /* ThirdTab */,
				5E2C8D5D1803B2370045A963 /* FourthTab */,
				5EFCD4C51803A2EE00B0BD27 /* Supporting Files */,
				5E2C8D271803AAC10045A963 /* Resources */,
				5E257104184DD6FC008D4FD0 /* Images.xcassets */,
			);
			path = yemaomen;
			sourceTree = "<group>";
		};
		5EFCD4C51803A2EE00B0BD27 /* Supporting Files */ = {
			isa = PBXGroup;
			children = (
				5EFCD4CD1803A2EE00B0BD27 /* YMMAppDelegate.h */,
				5EFCD4CE1803A2EE00B0BD27 /* YMMAppDelegate.m */,
				5E257101184B7558008D4FD0 /* YMMUtilities.h */,
				5E257102184B7558008D4FD0 /* YMMUtilities.m */,
				5EE6FC6D186C722200FBF6FB /* UIView+frameAdjust.h */,
				5EE6FC6E186C722200FBF6FB /* UIView+frameAdjust.m */,
				5EFCD4C61803A2EE00B0BD27 /* yemaomen-Info.plist */,
				5EFCD4C71803A2EE00B0BD27 /* InfoPlist.strings */,
				5EFCD4CA1803A2EE00B0BD27 /* main.m */,
				5EFCD4CC1803A2EE00B0BD27 /* yemaomen-Prefix.pch */,
			);
			name = "Supporting Files";
			sourceTree = "<group>";
		};
/* End PBXGroup section */

/* Begin PBXNativeTarget section */
		5EFCD4BA1803A2ED00B0BD27 /* yemaomen */ = {
			isa = PBXNativeTarget;
			buildConfigurationList = 5EFCD4EC1803A2EE00B0BD27 /* Build configuration list for PBXNativeTarget "yemaomen" */;
			buildPhases = (
				6F7A3BAAF2FE44439AA77EE6 /* Check Pods Manifest.lock */,
				5EFCD4B71803A2ED00B0BD27 /* Sources */,
				5EFCD4B81803A2ED00B0BD27 /* Frameworks */,
				5EFCD4B91803A2ED00B0BD27 /* Resources */,
				CAB130C83F514F0594B703AF /* Copy Pods Resources */,
			);
			buildRules = (
			);
			dependencies = (
			);
			name = yemaomen;
			productName = yemaomen;
			productReference = 5EFCD4BB1803A2ED00B0BD27 /* yemaomen.app */;
			productType = "com.apple.product-type.application";
		};
/* End PBXNativeTarget section */

/* Begin PBXProject section */
		5EFCD4B31803A2ED00B0BD27 /* Project object */ = {
			isa = PBXProject;
			attributes = {
				CLASSPREFIX = YMM;
				LastUpgradeCheck = 0460;
				ORGANIZATIONNAME = yemaomen;
			};
			buildConfigurationList = 5EFCD4B61803A2ED00B0BD27 /* Build configuration list for PBXProject "yemaomen" */;
			compatibilityVersion = "Xcode 3.2";
			developmentRegion = English;
			hasScannedForEncodings = 0;
			knownRegions = (
				en,
			);
			mainGroup = 5EFCD4B21803A2ED00B0BD27;
			productRefGroup = 5EFCD4BC1803A2ED00B0BD27 /* Products */;
			projectDirPath = "";
			projectRoot = "";
			targets = (
				5EFCD4BA1803A2ED00B0BD27 /* yemaomen */,
			);
		};
/* End PBXProject section */

/* Begin PBXResourcesBuildPhase section */
		5EFCD4B91803A2ED00B0BD27 /* Resources */ = {
			isa = PBXResourcesBuildPhase;
			buildActionMask = 2147483647;
			files = (
				5E2C8D641803B2D40045A963 /* fourth@2x.png in Resources */,
				5E2C8D361803AAC10045A963 /* second@2x.png in Resources */,
				5E2C8D321803AAC10045A963 /* Default@2x.png in Resources */,
				5E2C8D651803B2D40045A963 /* third@2x.png in Resources */,
				5E2C8D341803AAC10045A963 /* first@2x.png in Resources */,
				5EFCD4C91803A2EE00B0BD27 /* InfoPlist.strings in Resources */,
				5E2C8D331803AAC10045A963 /* first.png in Resources */,
				5E2C8D631803B2D40045A963 /* fourth.png in Resources */,
				5E2C8D301803AAC10045A963 /* Default-568h@2x.png in Resources */,
				5E257105184DD6FC008D4FD0 /* Images.xcassets in Resources */,
				5E7676BE18043921000C05A0 /* Podfile in Resources */,
				5E2C8D351803AAC10045A963 /* second.png in Resources */,
				5E2C8D311803AAC10045A963 /* Default.png in Resources */,
				5E2C8D661803B2D40045A963 /* third.png in Resources */,
			);
			runOnlyForDeploymentPostprocessing = 0;
		};
/* End PBXResourcesBuildPhase section */

/* Begin PBXShellScriptBuildPhase section */
		6F7A3BAAF2FE44439AA77EE6 /* Check Pods Manifest.lock */ = {
			isa = PBXShellScriptBuildPhase;
			buildActionMask = 2147483647;
			files = (
			);
			inputPaths = (
			);
			name = "Check Pods Manifest.lock";
			outputPaths = (
			);
			runOnlyForDeploymentPostprocessing = 0;
			shellPath = /bin/sh;
			shellScript = "diff \"${PODS_ROOT}/../Podfile.lock\" \"${PODS_ROOT}/Manifest.lock\" > /dev/null\nif [[ $? != 0 ]] ; then\n    cat << EOM\nerror: The sandbox is not in sync with the Podfile.lock. Run 'pod install' or update your CocoaPods installation.\nEOM\n    exit 1\nfi\n";
			showEnvVarsInLog = 0;
		};
		CAB130C83F514F0594B703AF /* Copy Pods Resources */ = {
			isa = PBXShellScriptBuildPhase;
			buildActionMask = 2147483647;
			files = (
			);
			inputPaths = (
			);
			name = "Copy Pods Resources";
			outputPaths = (
			);
			runOnlyForDeploymentPostprocessing = 0;
			shellPath = /bin/sh;
			shellScript = "\"${SRCROOT}/Pods/Pods-resources.sh\"\n";
			showEnvVarsInLog = 0;
		};
/* End PBXShellScriptBuildPhase section */

/* Begin PBXSourcesBuildPhase section */
		5EFCD4B71803A2ED00B0BD27 /* Sources */ = {
			isa = PBXSourcesBuildPhase;
			buildActionMask = 2147483647;
			files = (
				5E2C8D3D1803AD350045A963 /* YMMSecondViewController.m in Sources */,
				5EE6FC6F186C722200FBF6FB /* UIView+frameAdjust.m in Sources */,
				5EFCD4CB1803A2EE00B0BD27 /* main.m in Sources */,
				5E2C8D6C1803B3170045A963 /* YMMFourthViewController.m in Sources */,
				5EE6FC76186D280D00FBF6FB /* YMMSecondViewCell.m in Sources */,
				5E88CF001838E8D100E4FF6C /* YMMBaseRefreshViewController.m in Sources */,
				5EE6FC7C186D31F100FBF6FB /* YMMBaseCustomCellView.m in Sources */,
				5EE6FC79186D2F9600FBF6FB /* YMMBaseCustomCell.m in Sources */,
				5E2C8D691803B2FD0045A963 /* YMMThirdViewController.m in Sources */,
				5EFCD4CF1803A2EE00B0BD27 /* YMMAppDelegate.m in Sources */,
				5E257103184B7558008D4FD0 /* YMMUtilities.m in Sources */,
				5E2C8D3E1803AD350045A963 /* YMMFirstViewController.m in Sources */,
			);
			runOnlyForDeploymentPostprocessing = 0;
		};
/* End PBXSourcesBuildPhase section */

/* Begin PBXVariantGroup section */
		5EFCD4C71803A2EE00B0BD27 /* InfoPlist.strings */ = {
			isa = PBXVariantGroup;
			children = (
				5EFCD4C81803A2EE00B0BD27 /* en */,
			);
			name = InfoPlist.strings;
			sourceTree = "<group>";
		};
/* End PBXVariantGroup section */

/* Begin XCBuildConfiguration section */
		5EFCD4EA1803A2EE00B0BD27 /* Debug */ = {
			isa = XCBuildConfiguration;
			buildSettings = {
				ALWAYS_SEARCH_USER_PATHS = NO;
				CLANG_CXX_LANGUAGE_STANDARD = "gnu++0x";
				CLANG_CXX_LIBRARY = "libc++";
				CLANG_ENABLE_OBJC_ARC = YES;
				CLANG_WARN_CONSTANT_CONVERSION = YES;
				CLANG_WARN_EMPTY_BODY = YES;
				CLANG_WARN_ENUM_CONVERSION = YES;
				CLANG_WARN_INT_CONVERSION = YES;
				CLANG_WARN__DUPLICATE_METHOD_MATCH = YES;
				"CODE_SIGN_IDENTITY[sdk=iphoneos*]" = "iPhone Developer";
				COPY_PHASE_STRIP = NO;
				GCC_C_LANGUAGE_STANDARD = gnu99;
				GCC_DYNAMIC_NO_PIC = NO;
				GCC_OPTIMIZATION_LEVEL = 0;
				GCC_PREPROCESSOR_DEFINITIONS = (
					"DEBUG=1",
					"$(inherited)",
				);
				GCC_SYMBOLS_PRIVATE_EXTERN = NO;
				GCC_WARN_ABOUT_RETURN_TYPE = YES;
				GCC_WARN_UNINITIALIZED_AUTOS = YES;
				GCC_WARN_UNUSED_VARIABLE = YES;
				IPHONEOS_DEPLOYMENT_TARGET = 7.0;
				ONLY_ACTIVE_ARCH = YES;
				SDKROOT = iphoneos;
			};
			name = Debug;
		};
		5EFCD4EB1803A2EE00B0BD27 /* Release */ = {
			isa = XCBuildConfiguration;
			buildSettings = {
				ALWAYS_SEARCH_USER_PATHS = NO;
				CLANG_CXX_LANGUAGE_STANDARD = "gnu++0x";
				CLANG_CXX_LIBRARY = "libc++";
				CLANG_ENABLE_OBJC_ARC = YES;
				CLANG_WARN_CONSTANT_CONVERSION = YES;
				CLANG_WARN_EMPTY_BODY = YES;
				CLANG_WARN_ENUM_CONVERSION = YES;
				CLANG_WARN_INT_CONVERSION = YES;
				CLANG_WARN__DUPLICATE_METHOD_MATCH = YES;
				"CODE_SIGN_IDENTITY[sdk=iphoneos*]" = "iPhone Developer";
				COPY_PHASE_STRIP = YES;
				GCC_C_LANGUAGE_STANDARD = gnu99;
				GCC_WARN_ABOUT_RETURN_TYPE = YES;
				GCC_WARN_UNINITIALIZED_AUTOS = YES;
				GCC_WARN_UNUSED_VARIABLE = YES;
				IPHONEOS_DEPLOYMENT_TARGET = 7.0;
				OTHER_CFLAGS = "-DNS_BLOCK_ASSERTIONS=1";
				SDKROOT = iphoneos;
				VALIDATE_PRODUCT = YES;
			};
			name = Release;
		};
		5EFCD4ED1803A2EE00B0BD27 /* Debug */ = {
			isa = XCBuildConfiguration;
			baseConfigurationReference = 89AA6B4798E143CBA80C89B3 /* Pods.xcconfig */;
			buildSettings = {
				ASSETCATALOG_COMPILER_APPICON_NAME = AppIcon;
				ASSETCATALOG_COMPILER_LAUNCHIMAGE_NAME = LaunchImage;
				ENABLE_NS_ASSERTIONS = YES;
				GCC_PRECOMPILE_PREFIX_HEADER = YES;
				GCC_PREFIX_HEADER = "yemaomen/yemaomen-Prefix.pch";
				INFOPLIST_FILE = "yemaomen/yemaomen-Info.plist";
				IPHONEOS_DEPLOYMENT_TARGET = 7.0;
				PRODUCT_NAME = "$(TARGET_NAME)";
				WRAPPER_EXTENSION = app;
			};
			name = Debug;
		};
		5EFCD4EE1803A2EE00B0BD27 /* Release */ = {
			isa = XCBuildConfiguration;
			baseConfigurationReference = 89AA6B4798E143CBA80C89B3 /* Pods.xcconfig */;
			buildSettings = {
				ASSETCATALOG_COMPILER_APPICON_NAME = AppIcon;
				ASSETCATALOG_COMPILER_LAUNCHIMAGE_NAME = LaunchImage;
				ENABLE_NS_ASSERTIONS = NO;
				GCC_PRECOMPILE_PREFIX_HEADER = YES;
				GCC_PREFIX_HEADER = "yemaomen/yemaomen-Prefix.pch";
				GCC_PREPROCESSOR_DEFINITIONS = (
					"$(inherited)",
					"COCOAPODS=1",
					FINAL_RELEASE,
				);
				INFOPLIST_FILE = "yemaomen/yemaomen-Info.plist";
				IPHONEOS_DEPLOYMENT_TARGET = 7.0;
				PRODUCT_NAME = "$(TARGET_NAME)";
				WRAPPER_EXTENSION = app;
			};
			name = Release;
		};
/* End XCBuildConfiguration section */

/* Begin XCConfigurationList section */
		5EFCD4B61803A2ED00B0BD27 /* Build configuration list for PBXProject "yemaomen" */ = {
			isa = XCConfigurationList;
			buildConfigurations = (
				5EFCD4EA1803A2EE00B0BD27 /* Debug */,
				5EFCD4EB1803A2EE00B0BD27 /* Release */,
			);
			defaultConfigurationIsVisible = 0;
			defaultConfigurationName = Release;
		};
		5EFCD4EC1803A2EE00B0BD27 /* Build configuration list for PBXNativeTarget "yemaomen" */ = {
			isa = XCConfigurationList;
			buildConfigurations = (
				5EFCD4ED1803A2EE00B0BD27 /* Debug */,
				5EFCD4EE1803A2EE00B0BD27 /* Release */,
			);
			defaultConfigurationIsVisible = 0;
			defaultConfigurationName = Release;
		};
/* End XCConfigurationList section */
	};
	rootObject = 5EFCD4B31803A2ED00B0BD27 /* Project object */;
}
